
Microsoft Visual Studio Solution File, Format Version 12.00
# Visual Studio 2013
VisualStudioVersion = 12.0.21005.1
MinimumVisualStudioVersion = 10.0.40219.1
Project("{FAE04EC0-301F-11D3-BF4B-00C04F79EFBC}") = "OsmSharpDataProcessor", "OsmSharpDataProcessor\OsmSharpDataProcessor.csproj", "{070C049B-86A9-4EB4-89B9-E7F56F0F28A4}"
EndProject
Project("{FAE04EC0-301F-11D3-BF4B-00C04F79EFBC}") = "OsmSharpDataProcessor.Unittest", "OsmSharpDataProcessor.Unittest\OsmSharpDataProcessor.Unittest.csproj", "{406D71FD-8626-4F0A-88DA-A995CC928688}"
EndProject
Project("{FAE04EC0-301F-11D3-BF4B-00C04F79EFBC}") = "OsmSharpDataProcessor.Oracle", "OsmSharpDataProcessor.Oracle\OsmSharpDataProcessor.Oracle.csproj", "{C0AA7064-7BF0-40A6-9486-D7EED7C8EDDC}"
EndProject
Project("{FAE04EC0-301F-11D3-BF4B-00C04F79EFBC}") = "OsmSharpDataProcessor.Redis", "OsmSharpDataProcessor.Redis\OsmSharpDataProcessor.Redis.csproj", "{EB9301E1-B500-4465-AAC6-7ACC65017209}"
EndProject
Project("{FAE04EC0-301F-11D3-BF4B-00C04F79EFBC}") = "OsmSharpDataProcessor.SQLite", "OsmSharpDataProcessor.SQLite\OsmSharpDataProcessor.SQLite.csproj", "{60BA8D7F-5913-4C4D-A9FD-07F8D7972F97}"
EndProject
Project("{FAE04EC0-301F-11D3-BF4B-00C04F79EFBC}") = "OsmSharpDataProcessor.NTS", "OsmSharpDataProcessor.NTS\OsmSharpDataProcessor.NTS.csproj", "{E6CFE198-4634-486F-A846-006AEF61AB36}"
EndProject
Global
	GlobalSection(SolutionConfigurationPlatforms) = preSolution
		Debug|Any CPU = Debug|Any CPU
		Debug|x64 = Debug|x64
		Debug|x86 = Debug|x86
		Release|Any CPU = Release|Any CPU
		Release|x64 = Release|x64
		Release|x86 = Release|x86
	EndGlobalSection
	GlobalSection(ProjectConfigurationPlatforms) = postSolution
		{070C049B-86A9-4EB4-89B9-E7F56F0F28A4}.Debug|Any CPU.ActiveCfg = Debug|Any CPU
		{070C049B-86A9-4EB4-89B9-E7F56F0F28A4}.Debug|Any CPU.Build.0 = Debug|Any CPU
		{070C049B-86A9-4EB4-89B9-E7F56F0F28A4}.Debug|x64.ActiveCfg = Debug|x64
		{070C049B-86A9-4EB4-89B9-E7F56F0F28A4}.Debug|x64.Build.0 = Debug|x64
		{070C049B-86A9-4EB4-89B9-E7F56F0F28A4}.Debug|x86.ActiveCfg = Debug|x86
		{070C049B-86A9-4EB4-89B9-E7F56F0F28A4}.Debug|x86.Build.0 = Debug|x86
		{070C049B-86A9-4EB4-89B9-E7F56F0F28A4}.Release|Any CPU.ActiveCfg = Release|Any CPU
		{070C049B-86A9-4EB4-89B9-E7F56F0F28A4}.Release|Any CPU.Build.0 = Release|Any CPU
		{070C049B-86A9-4EB4-89B9-E7F56F0F28A4}.Release|x64.ActiveCfg = Release|x64
		{070C049B-86A9-4EB4-89B9-E7F56F0F28A4}.Release|x64.Build.0 = Release|x64
		{070C049B-86A9-4EB4-89B9-E7F56F0F28A4}.Release|x86.ActiveCfg = Release|x86
		{070C049B-86A9-4EB4-89B9-E7F56F0F28A4}.Release|x86.Build.0 = Release|x86
		{406D71FD-8626-4F0A-88DA-A995CC928688}.Debug|Any CPU.ActiveCfg = Debug|Any CPU
		{406D71FD-8626-4F0A-88DA-A995CC928688}.Debug|Any CPU.Build.0 = Debug|Any CPU
		{406D71FD-8626-4F0A-88DA-A995CC928688}.Debug|x64.ActiveCfg = Debug|x64
		{406D71FD-8626-4F0A-88DA-A995CC928688}.Debug|x64.Build.0 = Debug|x64
		{406D71FD-8626-4F0A-88DA-A995CC928688}.Debug|x86.ActiveCfg = Debug|x86
		{406D71FD-8626-4F0A-88DA-A995CC928688}.Debug|x86.Build.0 = Debug|x86
		{406D71FD-8626-4F0A-88DA-A995CC928688}.Release|Any CPU.ActiveCfg = Release|Any CPU
		{406D71FD-8626-4F0A-88DA-A995CC928688}.Release|Any CPU.Build.0 = Release|Any CPU
		{406D71FD-8626-4F0A-88DA-A995CC928688}.Release|x64.ActiveCfg = Release|x64
		{406D71FD-8626-4F0A-88DA-A995CC928688}.Release|x64.Build.0 = Release|x64
		{406D71FD-8626-4F0A-88DA-A995CC928688}.Release|x86.ActiveCfg = Release|x86
		{406D71FD-8626-4F0A-88DA-A995CC928688}.Release|x86.Build.0 = Release|x86
		{C0AA7064-7BF0-40A6-9486-D7EED7C8EDDC}.Debug|Any CPU.ActiveCfg = Debug|Any CPU
		{C0AA7064-7BF0-40A6-9486-D7EED7C8EDDC}.Debug|Any CPU.Build.0 = Debug|Any CPU
		{C0AA7064-7BF0-40A6-9486-D7EED7C8EDDC}.Debug|x64.ActiveCfg = Debug|Any CPU
		{C0AA7064-7BF0-40A6-9486-D7EED7C8EDDC}.Debug|x86.ActiveCfg = Debug|Any CPU
		{C0AA7064-7BF0-40A6-9486-D7EED7C8EDDC}.Release|Any CPU.ActiveCfg = Release|Any CPU
		{C0AA7064-7BF0-40A6-9486-D7EED7C8EDDC}.Release|Any CPU.Build.0 = Release|Any CPU
		{C0AA7064-7BF0-40A6-9486-D7EED7C8EDDC}.Release|x64.ActiveCfg = Release|Any CPU
		{C0AA7064-7BF0-40A6-9486-D7EED7C8EDDC}.Release|x86.ActiveCfg = Release|Any CPU
		{EB9301E1-B500-4465-AAC6-7ACC65017209}.Debug|Any CPU.ActiveCfg = Debug|Any CPU
		{EB9301E1-B500-4465-AAC6-7ACC65017209}.Debug|Any CPU.Build.0 = Debug|Any CPU
		{EB9301E1-B500-4465-AAC6-7ACC65017209}.Debug|x64.ActiveCfg = Debug|Any CPU
		{EB9301E1-B500-4465-AAC6-7ACC65017209}.Debug|x86.ActiveCfg = Debug|Any CPU
		{EB9301E1-B500-4465-AAC6-7ACC65017209}.Release|Any CPU.ActiveCfg = Release|Any CPU
		{EB9301E1-B500-4465-AAC6-7ACC65017209}.Release|Any CPU.Build.0 = Release|Any CPU
		{EB9301E1-B500-4465-AAC6-7ACC65017209}.Release|x64.ActiveCfg = Release|Any CPU
		{EB9301E1-B500-4465-AAC6-7ACC65017209}.Release|x86.ActiveCfg = Release|Any CPU
		{60BA8D7F-5913-4C4D-A9FD-07F8D7972F97}.Debug|Any CPU.ActiveCfg = Debug|Any CPU
		{60BA8D7F-5913-4C4D-A9FD-07F8D7972F97}.Debug|Any CPU.Build.0 = Debug|Any CPU
		{60BA8D7F-5913-4C4D-A9FD-07F8D7972F97}.Debug|x64.ActiveCfg = Debug|Any CPU
		{60BA8D7F-5913-4C4D-A9FD-07F8D7972F97}.Debug|x86.ActiveCfg = Debug|Any CPU
		{60BA8D7F-5913-4C4D-A9FD-07F8D7972F97}.Release|Any CPU.ActiveCfg = Release|Any CPU
		{60BA8D7F-5913-4C4D-A9FD-07F8D7972F97}.Release|Any CPU.Build.0 = Release|Any CPU
		{60BA8D7F-5913-4C4D-A9FD-07F8D7972F97}.Release|x64.ActiveCfg = Release|Any CPU
		{60BA8D7F-5913-4C4D-A9FD-07F8D7972F97}.Release|x86.ActiveCfg = Release|Any CPU
		{E6CFE198-4634-486F-A846-006AEF61AB36}.Debug|Any CPU.ActiveCfg = Debug|Any CPU
		{E6CFE198-4634-486F-A846-006AEF61AB36}.Debug|Any CPU.Build.0 = Debug|Any CPU
		{E6CFE198-4634-486F-A846-006AEF61AB36}.Debug|x64.ActiveCfg = Debug|Any CPU
		{E6CFE198-4634-486F-A846-006AEF61AB36}.Debug|x86.ActiveCfg = Debug|Any CPU
		{E6CFE198-4634-486F-A846-006AEF61AB36}.Release|Any CPU.ActiveCfg = Release|Any CPU
		{E6CFE198-4634-486F-A846-006AEF61AB36}.Release|Any CPU.Build.0 = Release|Any CPU
		{E6CFE198-4634-486F-A846-006AEF61AB36}.Release|x64.ActiveCfg = Release|Any CPU
		{E6CFE198-4634-486F-A846-006AEF61AB36}.Release|x86.ActiveCfg = Release|Any CPU
	EndGlobalSection
	GlobalSection(SolutionProperties) = preSolution
		HideSolutionNode = FALSE
	EndGlobalSection
	GlobalSection(TestCaseManagementSettings) = postSolution
		CategoryFile = OsmSharp.vsmdi
	EndGlobalSection
	GlobalSection(MonoDevelopProperties) = preSolution
		StartupItem = Osm.Routing.Test\Osm.Routing.Test.csproj
		Policies = $0
		$0.DotNetNamingPolicy = $1
		$1.DirectoryNamespaceAssociation = None
		$1.ResourceNamePolicy = FileFormatDefault
	EndGlobalSection
EndGlobal
